
Microsoft Visual Studio Solution File, Format Version 12.00
# Visual Studio Version 16
VisualStudioVersion = 16.0.30225.117
MinimumVisualStudioVersion = 10.0.40219.1
Project("{FAE04EC0-301F-11D3-BF4B-00C04F79EFBC}") = "FlipDirPics", "FlipThisPic\FlipDirPics.csproj", "{B5220ABF-9278-4EE7-B675-28E5F48CBEC1}"
EndProject
Global
	GlobalSection(SolutionConfigurationPlatforms) = preSolution
		Debug|Any CPU = Debug|Any CPU
		Release|Any CPU = Release|Any CPU
	EndGlobalSection
	GlobalSection(ProjectConfigurationPlatforms) = postSolution
		{B5220ABF-9278-4EE7-B675-28E5F48CBEC1}.Debug|Any CPU.ActiveCfg = Debug|Any CPU
		{B5220ABF-9278-4EE7-B675-28E5F48CBEC1}.Debug|Any CPU.Build.0 = Debug|Any CPU
		{B5220ABF-9278-4EE7-B675-28E5F48CBEC1}.Release|Any CPU.ActiveCfg = Release|Any CPU
		{B5220ABF-9278-4EE7-B675-28E5F48CBEC1}.Release|Any CPU.Build.0 = Release|Any CPU
	EndGlobalSection
	GlobalSection(SolutionProperties) = preSolution
		HideSolutionNode = FALSE
	EndGlobalSection
	GlobalSection(ExtensibilityGlobals) = postSolution
		SolutionGuid = {2C974D1F-C154-489A-8E03-0C2648195CCF}
	EndGlobalSection
EndGlobal
